
Microsoft Visual Studio Solution File, Format Version 12.00
# Visual Studio Version 16
VisualStudioVersion = 16.0.808.3
MinimumVisualStudioVersion = 10.0.40219.1
Project("{FAE04EC0-301F-11D3-BF4B-00C04F79EFBC}") = "TheNextLoop.Markups.Android", "TheNextLoop.Markups.Android\TheNextLoop.Markups.Android.csproj", "{22DB7131-D18B-43F9-A79F-A23687A1E2F0}"
EndProject
Project("{FAE04EC0-301F-11D3-BF4B-00C04F79EFBC}") = "TheNextLoop.Markups.iOS", "TheNextLoop.Markups.iOS\TheNextLoop.Markups.iOS.csproj", "{847131CB-AFCD-4167-B1EA-90596D579CE2}"
EndProject
Project("{FAE04EC0-301F-11D3-BF4B-00C04F79EFBC}") = "TheNextLoop.Markups", "TheNextLoop.Markups\TheNextLoop.Markups.csproj", "{05FD3C72-C417-4C0E-9BBB-9A53B8B69013}"
EndProject
Global
	GlobalSection(SolutionConfigurationPlatforms) = preSolution
		Debug|Any CPU = Debug|Any CPU
		Release|Any CPU = Release|Any CPU
		Debug|iPhoneSimulator = Debug|iPhoneSimulator
		Release|iPhoneSimulator = Release|iPhoneSimulator
		Debug|iPhone = Debug|iPhone
		Release|iPhone = Release|iPhone
	EndGlobalSection
	GlobalSection(ProjectConfigurationPlatforms) = postSolution
		{22DB7131-D18B-43F9-A79F-A23687A1E2F0}.Debug|Any CPU.ActiveCfg = Debug|Any CPU
		{22DB7131-D18B-43F9-A79F-A23687A1E2F0}.Debug|Any CPU.Build.0 = Debug|Any CPU
		{22DB7131-D18B-43F9-A79F-A23687A1E2F0}.Release|Any CPU.ActiveCfg = Release|Any CPU
		{22DB7131-D18B-43F9-A79F-A23687A1E2F0}.Release|Any CPU.Build.0 = Release|Any CPU
		{22DB7131-D18B-43F9-A79F-A23687A1E2F0}.Debug|iPhoneSimulator.ActiveCfg = Debug|Any CPU
		{22DB7131-D18B-43F9-A79F-A23687A1E2F0}.Debug|iPhoneSimulator.Build.0 = Debug|Any CPU
		{22DB7131-D18B-43F9-A79F-A23687A1E2F0}.Release|iPhoneSimulator.ActiveCfg = Release|Any CPU
		{22DB7131-D18B-43F9-A79F-A23687A1E2F0}.Release|iPhoneSimulator.Build.0 = Release|Any CPU
		{22DB7131-D18B-43F9-A79F-A23687A1E2F0}.Debug|iPhone.ActiveCfg = Debug|Any CPU
		{22DB7131-D18B-43F9-A79F-A23687A1E2F0}.Debug|iPhone.Build.0 = Debug|Any CPU
		{22DB7131-D18B-43F9-A79F-A23687A1E2F0}.Release|iPhone.ActiveCfg = Release|Any CPU
		{22DB7131-D18B-43F9-A79F-A23687A1E2F0}.Release|iPhone.Build.0 = Release|Any CPU
		{847131CB-AFCD-4167-B1EA-90596D579CE2}.Debug|Any CPU.ActiveCfg = Debug|iPhoneSimulator
		{847131CB-AFCD-4167-B1EA-90596D579CE2}.Debug|Any CPU.Build.0 = Debug|iPhoneSimulator
		{847131CB-AFCD-4167-B1EA-90596D579CE2}.Release|Any CPU.ActiveCfg = Release|iPhoneSimulator
		{847131CB-AFCD-4167-B1EA-90596D579CE2}.Release|Any CPU.Build.0 = Release|iPhoneSimulator
		{847131CB-AFCD-4167-B1EA-90596D579CE2}.Debug|iPhoneSimulator.ActiveCfg = Debug|iPhoneSimulator
		{847131CB-AFCD-4167-B1EA-90596D579CE2}.Debug|iPhoneSimulator.Build.0 = Debug|iPhoneSimulator
		{847131CB-AFCD-4167-B1EA-90596D579CE2}.Release|iPhoneSimulator.ActiveCfg = Release|iPhoneSimulator
		{847131CB-AFCD-4167-B1EA-90596D579CE2}.Release|iPhoneSimulator.Build.0 = Release|iPhoneSimulator
		{847131CB-AFCD-4167-B1EA-90596D579CE2}.Debug|iPhone.ActiveCfg = Debug|iPhone
		{847131CB-AFCD-4167-B1EA-90596D579CE2}.Debug|iPhone.Build.0 = Debug|iPhone
		{847131CB-AFCD-4167-B1EA-90596D579CE2}.Release|iPhone.ActiveCfg = Release|iPhone
		{847131CB-AFCD-4167-B1EA-90596D579CE2}.Release|iPhone.Build.0 = Release|iPhone
		{05FD3C72-C417-4C0E-9BBB-9A53B8B69013}.Debug|Any CPU.ActiveCfg = Debug|Any CPU
		{05FD3C72-C417-4C0E-9BBB-9A53B8B69013}.Debug|Any CPU.Build.0 = Debug|Any CPU
		{05FD3C72-C417-4C0E-9BBB-9A53B8B69013}.Release|Any CPU.ActiveCfg = Release|Any CPU
		{05FD3C72-C417-4C0E-9BBB-9A53B8B69013}.Release|Any CPU.Build.0 = Release|Any CPU
		{05FD3C72-C417-4C0E-9BBB-9A53B8B69013}.Debug|iPhoneSimulator.ActiveCfg = Debug|Any CPU
		{05FD3C72-C417-4C0E-9BBB-9A53B8B69013}.Debug|iPhoneSimulator.Build.0 = Debug|Any CPU
		{05FD3C72-C417-4C0E-9BBB-9A53B8B69013}.Release|iPhoneSimulator.ActiveCfg = Release|Any CPU
		{05FD3C72-C417-4C0E-9BBB-9A53B8B69013}.Release|iPhoneSimulator.Build.0 = Release|Any CPU
		{05FD3C72-C417-4C0E-9BBB-9A53B8B69013}.Debug|iPhone.ActiveCfg = Debug|Any CPU
		{05FD3C72-C417-4C0E-9BBB-9A53B8B69013}.Debug|iPhone.Build.0 = Debug|Any CPU
		{05FD3C72-C417-4C0E-9BBB-9A53B8B69013}.Release|iPhone.ActiveCfg = Release|Any CPU
		{05FD3C72-C417-4C0E-9BBB-9A53B8B69013}.Release|iPhone.Build.0 = Release|Any CPU
	EndGlobalSection
	GlobalSection(SolutionProperties) = preSolution
		HideSolutionNode = FALSE
	EndGlobalSection
	GlobalSection(ExtensibilityGlobals) = postSolution
		SolutionGuid = {FE575A74-9566-43CA-B253-E7A1B6554A20}
	EndGlobalSection
EndGlobal
